
Microsoft Visual Studio Solution File, Format Version 12.00
# Visual Studio Version 17
VisualStudioVersion = 17.11.35312.102
MinimumVisualStudioVersion = 10.0.40219.1
Project("{FAE04EC0-301F-11D3-BF4B-00C04F79EFBC}") = "VP task qno1", "VP task qno1\VP task qno1.csproj", "{B3CD9B36-13EC-48A4-AEDC-C10598B75E95}"
EndProject
Global
	GlobalSection(SolutionConfigurationPlatforms) = preSolution
		Debug|Any CPU = Debug|Any CPU
		Release|Any CPU = Release|Any CPU
	EndGlobalSection
	GlobalSection(ProjectConfigurationPlatforms) = postSolution
		{B3CD9B36-13EC-48A4-AEDC-C10598B75E95}.Debug|Any CPU.ActiveCfg = Debug|Any CPU
		{B3CD9B36-13EC-48A4-AEDC-C10598B75E95}.Debug|Any CPU.Build.0 = Debug|Any CPU
		{B3CD9B36-13EC-48A4-AEDC-C10598B75E95}.Release|Any CPU.ActiveCfg = Release|Any CPU
		{B3CD9B36-13EC-48A4-AEDC-C10598B75E95}.Release|Any CPU.Build.0 = Release|Any CPU
	EndGlobalSection
	GlobalSection(SolutionProperties) = preSolution
		HideSolutionNode = FALSE
	EndGlobalSection
	GlobalSection(ExtensibilityGlobals) = postSolution
		SolutionGuid = {0B377353-62CA-42A6-8EF7-A15EE1B2A01F}
	EndGlobalSection
EndGlobal
