
Microsoft Visual Studio Solution File, Format Version 12.00
# Visual Studio Version 17
VisualStudioVersion = 17.11.35312.102
MinimumVisualStudioVersion = 10.0.40219.1
Project("{FAE04EC0-301F-11D3-BF4B-00C04F79EFBC}") = "VP Task Qno 2", "VP Task Qno 2\VP Task Qno 2.csproj", "{6C96C328-108E-402A-AF44-51A15EAE2A00}"
EndProject
Global
	GlobalSection(SolutionConfigurationPlatforms) = preSolution
		Debug|Any CPU = Debug|Any CPU
		Release|Any CPU = Release|Any CPU
	EndGlobalSection
	GlobalSection(ProjectConfigurationPlatforms) = postSolution
		{6C96C328-108E-402A-AF44-51A15EAE2A00}.Debug|Any CPU.ActiveCfg = Debug|Any CPU
		{6C96C328-108E-402A-AF44-51A15EAE2A00}.Debug|Any CPU.Build.0 = Debug|Any CPU
		{6C96C328-108E-402A-AF44-51A15EAE2A00}.Release|Any CPU.ActiveCfg = Release|Any CPU
		{6C96C328-108E-402A-AF44-51A15EAE2A00}.Release|Any CPU.Build.0 = Release|Any CPU
	EndGlobalSection
	GlobalSection(SolutionProperties) = preSolution
		HideSolutionNode = FALSE
	EndGlobalSection
	GlobalSection(ExtensibilityGlobals) = postSolution
		SolutionGuid = {6A8BCF7E-663F-454A-8C3E-847CBCC1D2FD}
	EndGlobalSection
EndGlobal
